// !$*UTF8*$!
{
	archiveVersion = 1;
	classes = {
	};
	objectVersion = 56;
	objects = {

/* Begin PBXBuildFile section */
		C95CCF992D8154B1007574B4 /* AuthViewModel.swift in Sources */ = {isa = PBXBuildFile; fileRef = C95CCF982D8154B1007574B4 /* AuthViewModel.swift */; };
		C95CCF9C2D81577B007574B4 /* FirebaseAuth in Frameworks */ = {isa = PBXBuildFile; productRef = C95CCF9B2D81577B007574B4 /* FirebaseAuth */; };
		C95CCFAB2D816A0D007574B4 /* AuthView.swift in Sources */ = {isa = PBXBuildFile; fileRef = C95CCFAA2D816A0D007574B4 /* AuthView.swift */; };
		C95CCFAD2D8180D8007574B4 /* ChatApp.swift in Sources */ = {isa = PBXBuildFile; fileRef = C95CCFAC2D8180D8007574B4 /* ChatApp.swift */; };
		C95CCFB02D8185B4007574B4 /* CoreDataStack.swift in Sources */ = {isa = PBXBuildFile; fileRef = C95CCFAF2D8185B4007574B4 /* CoreDataStack.swift */; };
		C95CCFB22D81885D007574B4 /* ChatViewModel.swift in Sources */ = {isa = PBXBuildFile; fileRef = C95CCFB12D81885D007574B4 /* ChatViewModel.swift */; };
		C95CCFB52D84ACD3007574B4 /* FirebaseFirestore in Frameworks */ = {isa = PBXBuildFile; productRef = C95CCFB42D84ACD3007574B4 /* FirebaseFirestore */; };
		C95CCFB82D84B0D1007574B4 /* Message.swift in Sources */ = {isa = PBXBuildFile; fileRef = C95CCFB72D84B0D1007574B4 /* Message.swift */; };
		C95CCFBA2D84B1F8007574B4 /* ConversationsListView.swift in Sources */ = {isa = PBXBuildFile; fileRef = C95CCFB92D84B1F8007574B4 /* ConversationsListView.swift */; };
		C95CCFBC2D84B25D007574B4 /* ConversationRow.swift in Sources */ = {isa = PBXBuildFile; fileRef = C95CCFBB2D84B25D007574B4 /* ConversationRow.swift */; };
		C95CCFBE2D84B2AC007574B4 /* ConversationsViewModel.swift in Sources */ = {isa = PBXBuildFile; fileRef = C95CCFBD2D84B2AC007574B4 /* ConversationsViewModel.swift */; };
		C95CCFC02D84B2ED007574B4 /* Conversation.swift in Sources */ = {isa = PBXBuildFile; fileRef = C95CCFBF2D84B2ED007574B4 /* Conversation.swift */; };
		C95CCFC22D84B3CA007574B4 /* ChatView.swift in Sources */ = {isa = PBXBuildFile; fileRef = C95CCFC12D84B3CA007574B4 /* ChatView.swift */; };
		C95CCFC42D84B463007574B4 /* MessageBubble.swift in Sources */ = {isa = PBXBuildFile; fileRef = C95CCFC32D84B463007574B4 /* MessageBubble.swift */; };
		C95CCFC62D84BC2B007574B4 /* FirebaseFirestoreSwift in Frameworks */ = {isa = PBXBuildFile; productRef = C95CCFC52D84BC2B007574B4 /* FirebaseFirestoreSwift */; };
		C95CCFC82D84C0B9007574B4 /* GoogleService-Info.plist in Resources */ = {isa = PBXBuildFile; fileRef = C95CCFC72D84C0B9007574B4 /* GoogleService-Info.plist */; };
		C95CCFCA2D84C8E0007574B4 /* NewChatView.swift in Sources */ = {isa = PBXBuildFile; fileRef = C95CCFC92D84C8E0007574B4 /* NewChatView.swift */; };
		C95CCFCC2D84C966007574B4 /* NewChatViewModel.swift in Sources */ = {isa = PBXBuildFile; fileRef = C95CCFCB2D84C966007574B4 /* NewChatViewModel.swift */; };
		C95CCFCE2D84C9D7007574B4 /* ChatUser.swift in Sources */ = {isa = PBXBuildFile; fileRef = C95CCFCD2D84C9D7007574B4 /* ChatUser.swift */; };
		C95CCFD02D868CEE007574B4 /* MessageStatusView.swift in Sources */ = {isa = PBXBuildFile; fileRef = C95CCFCF2D868CEE007574B4 /* MessageStatusView.swift */; };
		C95CCFD22D869EB3007574B4 /* MessageStatus.swift in Sources */ = {isa = PBXBuildFile; fileRef = C95CCFD12D869EB3007574B4 /* MessageStatus.swift */; };
		C95CCFD52D86EC2A007574B4 /* NewGroupView.swift in Sources */ = {isa = PBXBuildFile; fileRef = C95CCFD42D86EC2A007574B4 /* NewGroupView.swift */; };
		C95CCFD82D86EC83007574B4 /* NewGroupViewModel.swift in Sources */ = {isa = PBXBuildFile; fileRef = C95CCFD72D86EC83007574B4 /* NewGroupViewModel.swift */; };
		C95CCFDA2D86EE72007574B4 /* GroupDetailsView.swift in Sources */ = {isa = PBXBuildFile; fileRef = C95CCFD92D86EE72007574B4 /* GroupDetailsView.swift */; };
		C95CCFDC2D86EEC8007574B4 /* GroupTypingIndicator.swift in Sources */ = {isa = PBXBuildFile; fileRef = C95CCFDB2D86EEC8007574B4 /* GroupTypingIndicator.swift */; };
		C95CCFDE2D86EEF1007574B4 /* DotAnimationView.swift in Sources */ = {isa = PBXBuildFile; fileRef = C95CCFDD2D86EEF1007574B4 /* DotAnimationView.swift */; };
		C95CCFE02D873606007574B4 /* AddGroupMembersView.swift in Sources */ = {isa = PBXBuildFile; fileRef = C95CCFDF2D873606007574B4 /* AddGroupMembersView.swift */; };
		C95CCFE22D87365B007574B4 /* AddGroupMembersViewModel.swift in Sources */ = {isa = PBXBuildFile; fileRef = C95CCFE12D87365B007574B4 /* AddGroupMembersViewModel.swift */; };
		C95CCFE42D881B6E007574B4 /* MediaType.swift in Sources */ = {isa = PBXBuildFile; fileRef = C95CCFE32D881B6E007574B4 /* MediaType.swift */; };
		C95CCFE62D881E15007574B4 /* FirebaseStorage in Frameworks */ = {isa = PBXBuildFile; productRef = C95CCFE52D881E15007574B4 /* FirebaseStorage */; };
		C95CCFE82D882441007574B4 /* MediaMessageView.swift in Sources */ = {isa = PBXBuildFile; fileRef = C95CCFE72D882441007574B4 /* MediaMessageView.swift */; };
		C95CCFEA2D88249E007574B4 /* AudioPlayerView.swift in Sources */ = {isa = PBXBuildFile; fileRef = C95CCFE92D88249E007574B4 /* AudioPlayerView.swift */; };
		C95CCFED2D882B8D007574B4 /* Helper.swift in Sources */ = {isa = PBXBuildFile; fileRef = C95CCFEC2D882B8D007574B4 /* Helper.swift */; };
		C95CCFF22D88374A007574B4 /* ChatRepository.swift in Sources */ = {isa = PBXBuildFile; fileRef = C95CCFF12D88374A007574B4 /* ChatRepository.swift */; };
		C95CCFF62D8837A9007574B4 /* FirebaseFirestoreRequest.swift in Sources */ = {isa = PBXBuildFile; fileRef = C95CCFF52D8837A9007574B4 /* FirebaseFirestoreRequest.swift */; };
		C95CCFF82D883829007574B4 /* CoreDataManager.swift in Sources */ = {isa = PBXBuildFile; fileRef = C95CCFF72D883829007574B4 /* CoreDataManager.swift */; };
		C95CCFFA2D88393C007574B4 /* CoreData.framework in Frameworks */ = {isa = PBXBuildFile; fileRef = C95CCFF92D88393B007574B4 /* CoreData.framework */; };
		C95CCFFD2D883975007574B4 /* ChatAppModel.xcdatamodeld in Sources */ = {isa = PBXBuildFile; fileRef = C95CCFFB2D883975007574B4 /* ChatAppModel.xcdatamodeld */; };
		C95CD0072D883FD4007574B4 /* ParticipantsTransformer.swift in Sources */ = {isa = PBXBuildFile; fileRef = C95CD0062D883FD4007574B4 /* ParticipantsTransformer.swift */; };
		C95CD0092D88462A007574B4 /* NetworkMonitor.swift in Sources */ = {isa = PBXBuildFile; fileRef = C95CD0082D88462A007574B4 /* NetworkMonitor.swift */; };
		C95CD00B2D88598B007574B4 /* AppDependencies.swift in Sources */ = {isa = PBXBuildFile; fileRef = C95CD00A2D88598B007574B4 /* AppDependencies.swift */; };
		C95CD00D2D88976C007574B4 /* AuthRepository.swift in Sources */ = {isa = PBXBuildFile; fileRef = C95CD00C2D88976C007574B4 /* AuthRepository.swift */; };
		C95CD00F2D8897D2007574B4 /* FirebaseAuthRequest.swift in Sources */ = {isa = PBXBuildFile; fileRef = C95CD00E2D8897D2007574B4 /* FirebaseAuthRequest.swift */; };
		C95CD0122D88984F007574B4 /* AuthRequestProtocol.swift in Sources */ = {isa = PBXBuildFile; fileRef = C95CD0112D88984F007574B4 /* AuthRequestProtocol.swift */; };
		C95CD0142D88AFBC007574B4 /* FirestoreRequestProtocol.swift in Sources */ = {isa = PBXBuildFile; fileRef = C95CD0132D88AFBC007574B4 /* FirestoreRequestProtocol.swift */; };
		C95CD0162D88B7BA007574B4 /* ChatRequestProtocol.swift in Sources */ = {isa = PBXBuildFile; fileRef = C95CD0152D88B7BA007574B4 /* ChatRequestProtocol.swift */; };
		C95CD0182D88B839007574B4 /* FirestoreChatRequest.swift in Sources */ = {isa = PBXBuildFile; fileRef = C95CD0172D88B839007574B4 /* FirestoreChatRequest.swift */; };
		C95CD01A2D88EECC007574B4 /* MediaRequestProtocol.swift in Sources */ = {isa = PBXBuildFile; fileRef = C95CD0192D88EECC007574B4 /* MediaRequestProtocol.swift */; };
		C95CD01C2D88EF09007574B4 /* FirebaseMediaRequest.swift in Sources */ = {isa = PBXBuildFile; fileRef = C95CD01B2D88EF09007574B4 /* FirebaseMediaRequest.swift */; };
		C99341BE2D7C45160036B3ED /* Assets.xcassets in Resources */ = {isa = PBXBuildFile; fileRef = C99341BD2D7C45160036B3ED /* Assets.xcassets */; };
		C99341C12D7C45160036B3ED /* Preview Assets.xcassets in Resources */ = {isa = PBXBuildFile; fileRef = C99341C02D7C45160036B3ED /* Preview Assets.xcassets */; };
/* End PBXBuildFile section */

/* Begin PBXFileReference section */
		C95CCF982D8154B1007574B4 /* AuthViewModel.swift */ = {isa = PBXFileReference; lastKnownFileType = sourcecode.swift; path = AuthViewModel.swift; sourceTree = "<group>"; };
		C95CCFAA2D816A0D007574B4 /* AuthView.swift */ = {isa = PBXFileReference; lastKnownFileType = sourcecode.swift; path = AuthView.swift; sourceTree = "<group>"; };
		C95CCFAC2D8180D8007574B4 /* ChatApp.swift */ = {isa = PBXFileReference; lastKnownFileType = sourcecode.swift; path = ChatApp.swift; sourceTree = "<group>"; };
		C95CCFAF2D8185B4007574B4 /* CoreDataStack.swift */ = {isa = PBXFileReference; lastKnownFileType = sourcecode.swift; path = CoreDataStack.swift; sourceTree = "<group>"; };
		C95CCFB12D81885D007574B4 /* ChatViewModel.swift */ = {isa = PBXFileReference; lastKnownFileType = sourcecode.swift; path = ChatViewModel.swift; sourceTree = "<group>"; };
		C95CCFB72D84B0D1007574B4 /* Message.swift */ = {isa = PBXFileReference; lastKnownFileType = sourcecode.swift; path = Message.swift; sourceTree = "<group>"; };
		C95CCFB92D84B1F8007574B4 /* ConversationsListView.swift */ = {isa = PBXFileReference; lastKnownFileType = sourcecode.swift; path = ConversationsListView.swift; sourceTree = "<group>"; };
		C95CCFBB2D84B25D007574B4 /* ConversationRow.swift */ = {isa = PBXFileReference; lastKnownFileType = sourcecode.swift; path = ConversationRow.swift; sourceTree = "<group>"; };
		C95CCFBD2D84B2AC007574B4 /* ConversationsViewModel.swift */ = {isa = PBXFileReference; lastKnownFileType = sourcecode.swift; path = ConversationsViewModel.swift; sourceTree = "<group>"; };
		C95CCFBF2D84B2ED007574B4 /* Conversation.swift */ = {isa = PBXFileReference; lastKnownFileType = sourcecode.swift; path = Conversation.swift; sourceTree = "<group>"; };
		C95CCFC12D84B3CA007574B4 /* ChatView.swift */ = {isa = PBXFileReference; lastKnownFileType = sourcecode.swift; path = ChatView.swift; sourceTree = "<group>"; };
		C95CCFC32D84B463007574B4 /* MessageBubble.swift */ = {isa = PBXFileReference; lastKnownFileType = sourcecode.swift; path = MessageBubble.swift; sourceTree = "<group>"; };
		C95CCFC72D84C0B9007574B4 /* GoogleService-Info.plist */ = {isa = PBXFileReference; fileEncoding = 4; lastKnownFileType = text.plist.xml; path = "GoogleService-Info.plist"; sourceTree = "<group>"; };
		C95CCFC92D84C8E0007574B4 /* NewChatView.swift */ = {isa = PBXFileReference; lastKnownFileType = sourcecode.swift; path = NewChatView.swift; sourceTree = "<group>"; };
		C95CCFCB2D84C966007574B4 /* NewChatViewModel.swift */ = {isa = PBXFileReference; lastKnownFileType = sourcecode.swift; path = NewChatViewModel.swift; sourceTree = "<group>"; };
		C95CCFCD2D84C9D7007574B4 /* ChatUser.swift */ = {isa = PBXFileReference; lastKnownFileType = sourcecode.swift; path = ChatUser.swift; sourceTree = "<group>"; };
		C95CCFCF2D868CEE007574B4 /* MessageStatusView.swift */ = {isa = PBXFileReference; lastKnownFileType = sourcecode.swift; path = MessageStatusView.swift; sourceTree = "<group>"; };
		C95CCFD12D869EB3007574B4 /* MessageStatus.swift */ = {isa = PBXFileReference; lastKnownFileType = sourcecode.swift; path = MessageStatus.swift; sourceTree = "<group>"; };
		C95CCFD42D86EC2A007574B4 /* NewGroupView.swift */ = {isa = PBXFileReference; lastKnownFileType = sourcecode.swift; path = NewGroupView.swift; sourceTree = "<group>"; };
		C95CCFD72D86EC83007574B4 /* NewGroupViewModel.swift */ = {isa = PBXFileReference; lastKnownFileType = sourcecode.swift; path = NewGroupViewModel.swift; sourceTree = "<group>"; };
		C95CCFD92D86EE72007574B4 /* GroupDetailsView.swift */ = {isa = PBXFileReference; lastKnownFileType = sourcecode.swift; path = GroupDetailsView.swift; sourceTree = "<group>"; };
		C95CCFDB2D86EEC8007574B4 /* GroupTypingIndicator.swift */ = {isa = PBXFileReference; lastKnownFileType = sourcecode.swift; path = GroupTypingIndicator.swift; sourceTree = "<group>"; };
		C95CCFDD2D86EEF1007574B4 /* DotAnimationView.swift */ = {isa = PBXFileReference; lastKnownFileType = sourcecode.swift; path = DotAnimationView.swift; sourceTree = "<group>"; };
		C95CCFDF2D873606007574B4 /* AddGroupMembersView.swift */ = {isa = PBXFileReference; lastKnownFileType = sourcecode.swift; path = AddGroupMembersView.swift; sourceTree = "<group>"; };
		C95CCFE12D87365B007574B4 /* AddGroupMembersViewModel.swift */ = {isa = PBXFileReference; lastKnownFileType = sourcecode.swift; path = AddGroupMembersViewModel.swift; sourceTree = "<group>"; };
		C95CCFE32D881B6E007574B4 /* MediaType.swift */ = {isa = PBXFileReference; lastKnownFileType = sourcecode.swift; path = MediaType.swift; sourceTree = "<group>"; };
		C95CCFE72D882441007574B4 /* MediaMessageView.swift */ = {isa = PBXFileReference; lastKnownFileType = sourcecode.swift; path = MediaMessageView.swift; sourceTree = "<group>"; };
		C95CCFE92D88249E007574B4 /* AudioPlayerView.swift */ = {isa = PBXFileReference; lastKnownFileType = sourcecode.swift; path = AudioPlayerView.swift; sourceTree = "<group>"; };
		C95CCFEC2D882B8D007574B4 /* Helper.swift */ = {isa = PBXFileReference; lastKnownFileType = sourcecode.swift; path = Helper.swift; sourceTree = "<group>"; };
		C95CCFF12D88374A007574B4 /* ChatRepository.swift */ = {isa = PBXFileReference; lastKnownFileType = sourcecode.swift; path = ChatRepository.swift; sourceTree = "<group>"; };
		C95CCFF52D8837A9007574B4 /* FirebaseFirestoreRequest.swift */ = {isa = PBXFileReference; lastKnownFileType = sourcecode.swift; path = FirebaseFirestoreRequest.swift; sourceTree = "<group>"; };
		C95CCFF72D883829007574B4 /* CoreDataManager.swift */ = {isa = PBXFileReference; lastKnownFileType = sourcecode.swift; path = CoreDataManager.swift; sourceTree = "<group>"; };
		C95CCFF92D88393B007574B4 /* CoreData.framework */ = {isa = PBXFileReference; lastKnownFileType = wrapper.framework; name = CoreData.framework; path = System/Library/Frameworks/CoreData.framework; sourceTree = SDKROOT; };
		C95CCFFC2D883975007574B4 /* ChatAppModel.xcdatamodel */ = {isa = PBXFileReference; lastKnownFileType = wrapper.xcdatamodel; path = ChatAppModel.xcdatamodel; sourceTree = "<group>"; };
		C95CD0062D883FD4007574B4 /* ParticipantsTransformer.swift */ = {isa = PBXFileReference; lastKnownFileType = sourcecode.swift; path = ParticipantsTransformer.swift; sourceTree = "<group>"; };
		C95CD0082D88462A007574B4 /* NetworkMonitor.swift */ = {isa = PBXFileReference; lastKnownFileType = sourcecode.swift; path = NetworkMonitor.swift; sourceTree = "<group>"; };
		C95CD00A2D88598B007574B4 /* AppDependencies.swift */ = {isa = PBXFileReference; lastKnownFileType = sourcecode.swift; path = AppDependencies.swift; sourceTree = "<group>"; };
		C95CD00C2D88976C007574B4 /* AuthRepository.swift */ = {isa = PBXFileReference; lastKnownFileType = sourcecode.swift; path = AuthRepository.swift; sourceTree = "<group>"; };
		C95CD00E2D8897D2007574B4 /* FirebaseAuthRequest.swift */ = {isa = PBXFileReference; lastKnownFileType = sourcecode.swift; path = FirebaseAuthRequest.swift; sourceTree = "<group>"; };
		C95CD0112D88984F007574B4 /* AuthRequestProtocol.swift */ = {isa = PBXFileReference; lastKnownFileType = sourcecode.swift; path = AuthRequestProtocol.swift; sourceTree = "<group>"; };
		C95CD0132D88AFBC007574B4 /* FirestoreRequestProtocol.swift */ = {isa = PBXFileReference; lastKnownFileType = sourcecode.swift; path = FirestoreRequestProtocol.swift; sourceTree = "<group>"; };
		C95CD0152D88B7BA007574B4 /* ChatRequestProtocol.swift */ = {isa = PBXFileReference; lastKnownFileType = sourcecode.swift; path = ChatRequestProtocol.swift; sourceTree = "<group>"; };
		C95CD0172D88B839007574B4 /* FirestoreChatRequest.swift */ = {isa = PBXFileReference; lastKnownFileType = sourcecode.swift; path = FirestoreChatRequest.swift; sourceTree = "<group>"; };
		C95CD0192D88EECC007574B4 /* MediaRequestProtocol.swift */ = {isa = PBXFileReference; lastKnownFileType = sourcecode.swift; path = MediaRequestProtocol.swift; sourceTree = "<group>"; };
		C95CD01B2D88EF09007574B4 /* FirebaseMediaRequest.swift */ = {isa = PBXFileReference; lastKnownFileType = sourcecode.swift; path = FirebaseMediaRequest.swift; sourceTree = "<group>"; };
		C99341B62D7C45130036B3ED /* Y Chat.app */ = {isa = PBXFileReference; explicitFileType = wrapper.application; includeInIndex = 0; path = "Y Chat.app"; sourceTree = BUILT_PRODUCTS_DIR; };
		C99341BD2D7C45160036B3ED /* Assets.xcassets */ = {isa = PBXFileReference; lastKnownFileType = folder.assetcatalog; path = Assets.xcassets; sourceTree = "<group>"; };
		C99341C02D7C45160036B3ED /* Preview Assets.xcassets */ = {isa = PBXFileReference; lastKnownFileType = folder.assetcatalog; path = "Preview Assets.xcassets"; sourceTree = "<group>"; };
/* End PBXFileReference section */

/* Begin PBXFrameworksBuildPhase section */
		C99341B32D7C45130036B3ED /* Frameworks */ = {
			isa = PBXFrameworksBuildPhase;
			buildActionMask = 2147483647;
			files = (
				C95CCF9C2D81577B007574B4 /* FirebaseAuth in Frameworks */,
				C95CCFE62D881E15007574B4 /* FirebaseStorage in Frameworks */,
				C95CCFFA2D88393C007574B4 /* CoreData.framework in Frameworks */,
				C95CCFB52D84ACD3007574B4 /* FirebaseFirestore in Frameworks */,
				C95CCFC62D84BC2B007574B4 /* FirebaseFirestoreSwift in Frameworks */,
			);
			runOnlyForDeploymentPostprocessing = 0;
		};
/* End PBXFrameworksBuildPhase section */

/* Begin PBXGroup section */
		C95CCF972D815492007574B4 /* ViewModels */ = {
			isa = PBXGroup;
			children = (
				C95CCFD62D86EC67007574B4 /* GroupChat */,
				C95CCF982D8154B1007574B4 /* AuthViewModel.swift */,
				C95CCFB12D81885D007574B4 /* ChatViewModel.swift */,
				C95CCFBD2D84B2AC007574B4 /* ConversationsViewModel.swift */,
				C95CCFCB2D84C966007574B4 /* NewChatViewModel.swift */,
			);
			path = ViewModels;
			sourceTree = "<group>";
		};
		C95CCF9D2D8157CD007574B4 /* Views */ = {
			isa = PBXGroup;
			children = (
				C95CCFD32D86EC12007574B4 /* GroupChat */,
				C95CCFAA2D816A0D007574B4 /* AuthView.swift */,
				C95CCFAC2D8180D8007574B4 /* ChatApp.swift */,
				C95CCFB92D84B1F8007574B4 /* ConversationsListView.swift */,
				C95CCFBB2D84B25D007574B4 /* ConversationRow.swift */,
				C95CCFC12D84B3CA007574B4 /* ChatView.swift */,
				C95CCFC32D84B463007574B4 /* MessageBubble.swift */,
				C95CCFC92D84C8E0007574B4 /* NewChatView.swift */,
				C95CCFCF2D868CEE007574B4 /* MessageStatusView.swift */,
				C95CCFE72D882441007574B4 /* MediaMessageView.swift */,
				C95CCFE92D88249E007574B4 /* AudioPlayerView.swift */,
			);
			path = Views;
			sourceTree = "<group>";
		};
		C95CCFAE2D8185A4007574B4 /* Storage */ = {
			isa = PBXGroup;
			children = (
				C95CCFAF2D8185B4007574B4 /* CoreDataStack.swift */,
				C95CCFF72D883829007574B4 /* CoreDataManager.swift */,
				C95CD0062D883FD4007574B4 /* ParticipantsTransformer.swift */,
			);
			path = Storage;
			sourceTree = "<group>";
		};
		C95CCFB32D84ACD3007574B4 /* Frameworks */ = {
			isa = PBXGroup;
			children = (
				C95CCFF92D88393B007574B4 /* CoreData.framework */,
			);
			name = Frameworks;
			sourceTree = "<group>";
		};
		C95CCFB62D84B0B7007574B4 /* Models */ = {
			isa = PBXGroup;
			children = (
				C95CCFB72D84B0D1007574B4 /* Message.swift */,
				C95CCFBF2D84B2ED007574B4 /* Conversation.swift */,
				C95CCFCD2D84C9D7007574B4 /* ChatUser.swift */,
				C95CCFD12D869EB3007574B4 /* MessageStatus.swift */,
				C95CCFE32D881B6E007574B4 /* MediaType.swift */,
			);
			path = Models;
			sourceTree = "<group>";
		};
		C95CCFD32D86EC12007574B4 /* GroupChat */ = {
			isa = PBXGroup;
			children = (
				C95CCFD42D86EC2A007574B4 /* NewGroupView.swift */,
				C95CCFD92D86EE72007574B4 /* GroupDetailsView.swift */,
				C95CCFDB2D86EEC8007574B4 /* GroupTypingIndicator.swift */,
				C95CCFDD2D86EEF1007574B4 /* DotAnimationView.swift */,
				C95CCFDF2D873606007574B4 /* AddGroupMembersView.swift */,
			);
			path = GroupChat;
			sourceTree = "<group>";
		};
		C95CCFD62D86EC67007574B4 /* GroupChat */ = {
			isa = PBXGroup;
			children = (
				C95CCFD72D86EC83007574B4 /* NewGroupViewModel.swift */,
				C95CCFE12D87365B007574B4 /* AddGroupMembersViewModel.swift */,
			);
			path = GroupChat;
			sourceTree = "<group>";
		};
		C95CCFEB2D882B66007574B4 /* Utility */ = {
			isa = PBXGroup;
			children = (
				C95CCFEC2D882B8D007574B4 /* Helper.swift */,
				C95CD0082D88462A007574B4 /* NetworkMonitor.swift */,
				C95CD00A2D88598B007574B4 /* AppDependencies.swift */,
			);
			path = Utility;
			sourceTree = "<group>";
		};
		C95CCFEE2D883717007574B4 /* Repositories */ = {
			isa = PBXGroup;
			children = (
				C95CCFF12D88374A007574B4 /* ChatRepository.swift */,
				C95CD00C2D88976C007574B4 /* AuthRepository.swift */,
			);
			path = Repositories;
			sourceTree = "<group>";
		};
		C95CCFEF2D883717007574B4 /* Requests */ = {
			isa = PBXGroup;
			children = (
				C95CD0102D889831007574B4 /* RequestProtocols */,
				C95CCFF52D8837A9007574B4 /* FirebaseFirestoreRequest.swift */,
				C95CD00E2D8897D2007574B4 /* FirebaseAuthRequest.swift */,
				C95CD0172D88B839007574B4 /* FirestoreChatRequest.swift */,
				C95CD01B2D88EF09007574B4 /* FirebaseMediaRequest.swift */,
			);
			path = Requests;
			sourceTree = "<group>";
		};
		C95CD0102D889831007574B4 /* RequestProtocols */ = {
			isa = PBXGroup;
			children = (
				C95CD0112D88984F007574B4 /* AuthRequestProtocol.swift */,
				C95CD0132D88AFBC007574B4 /* FirestoreRequestProtocol.swift */,
				C95CD0152D88B7BA007574B4 /* ChatRequestProtocol.swift */,
				C95CD0192D88EECC007574B4 /* MediaRequestProtocol.swift */,
			);
			path = RequestProtocols;
			sourceTree = "<group>";
		};
		C99341AD2D7C45130036B3ED = {
			isa = PBXGroup;
			children = (
				C95CCFFB2D883975007574B4 /* ChatAppModel.xcdatamodeld */,
				C95CCFC72D84C0B9007574B4 /* GoogleService-Info.plist */,
				C99341B82D7C45130036B3ED /* Y Chat */,
				C99341B72D7C45130036B3ED /* Products */,
				C95CCFB32D84ACD3007574B4 /* Frameworks */,
			);
			sourceTree = "<group>";
		};
		C99341B72D7C45130036B3ED /* Products */ = {
			isa = PBXGroup;
			children = (
				C99341B62D7C45130036B3ED /* Y Chat.app */,
			);
			name = Products;
			sourceTree = "<group>";
		};
		C99341B82D7C45130036B3ED /* Y Chat */ = {
			isa = PBXGroup;
			children = (
				C95CCFEE2D883717007574B4 /* Repositories */,
				C95CCFEF2D883717007574B4 /* Requests */,
				C95CCFEB2D882B66007574B4 /* Utility */,
				C95CCFB62D84B0B7007574B4 /* Models */,
				C95CCFAE2D8185A4007574B4 /* Storage */,
				C95CCF9D2D8157CD007574B4 /* Views */,
				C95CCF972D815492007574B4 /* ViewModels */,
				C99341BD2D7C45160036B3ED /* Assets.xcassets */,
				C99341BF2D7C45160036B3ED /* Preview Content */,
			);
			path = "Y Chat";
			sourceTree = "<group>";
		};
		C99341BF2D7C45160036B3ED /* Preview Content */ = {
			isa = PBXGroup;
			children = (
				C99341C02D7C45160036B3ED /* Preview Assets.xcassets */,
			);
			path = "Preview Content";
			sourceTree = "<group>";
		};
/* End PBXGroup section */

/* Begin PBXNativeTarget section */
		C99341B52D7C45130036B3ED /* Y Chat */ = {
			isa = PBXNativeTarget;
			buildConfigurationList = C99341C42D7C45160036B3ED /* Build configuration list for PBXNativeTarget "Y Chat" */;
			buildPhases = (
				C99341B22D7C45130036B3ED /* Sources */,
				C99341B32D7C45130036B3ED /* Frameworks */,
				C99341B42D7C45130036B3ED /* Resources */,
			);
			buildRules = (
			);
			dependencies = (
			);
			name = "Y Chat";
			packageProductDependencies = (
				C95CCF9B2D81577B007574B4 /* FirebaseAuth */,
				C95CCFB42D84ACD3007574B4 /* FirebaseFirestore */,
				C95CCFC52D84BC2B007574B4 /* FirebaseFirestoreSwift */,
				C95CCFE52D881E15007574B4 /* FirebaseStorage */,
			);
			productName = "Y Chat";
			productReference = C99341B62D7C45130036B3ED /* Y Chat.app */;
			productType = "com.apple.product-type.application";
		};
/* End PBXNativeTarget section */

/* Begin PBXProject section */
		C99341AE2D7C45130036B3ED /* Project object */ = {
			isa = PBXProject;
			attributes = {
				BuildIndependentTargetsInParallel = 1;
				LastSwiftUpdateCheck = 1400;
				LastUpgradeCheck = 1400;
				TargetAttributes = {
					C99341B52D7C45130036B3ED = {
						CreatedOnToolsVersion = 14.0;
					};
				};
			};
			buildConfigurationList = C99341B12D7C45130036B3ED /* Build configuration list for PBXProject "Y Chat" */;
			compatibilityVersion = "Xcode 14.0";
			developmentRegion = en;
			hasScannedForEncodings = 0;
			knownRegions = (
				en,
				Base,
			);
			mainGroup = C99341AD2D7C45130036B3ED;
			packageReferences = (
				C95CCF9A2D81577B007574B4 /* XCRemoteSwiftPackageReference "firebase-ios-sdk" */,
			);
			productRefGroup = C99341B72D7C45130036B3ED /* Products */;
			projectDirPath = "";
			projectRoot = "";
			targets = (
				C99341B52D7C45130036B3ED /* Y Chat */,
			);
		};
/* End PBXProject section */

/* Begin PBXResourcesBuildPhase section */
		C99341B42D7C45130036B3ED /* Resources */ = {
			isa = PBXResourcesBuildPhase;
			buildActionMask = 2147483647;
			files = (
				C99341C12D7C45160036B3ED /* Preview Assets.xcassets in Resources */,
				C99341BE2D7C45160036B3ED /* Assets.xcassets in Resources */,
				C95CCFC82D84C0B9007574B4 /* GoogleService-Info.plist in Resources */,
			);
			runOnlyForDeploymentPostprocessing = 0;
		};
/* End PBXResourcesBuildPhase section */

/* Begin PBXSourcesBuildPhase section */
		C99341B22D7C45130036B3ED /* Sources */ = {
			isa = PBXSourcesBuildPhase;
			buildActionMask = 2147483647;
			files = (
				C95CCFBE2D84B2AC007574B4 /* ConversationsViewModel.swift in Sources */,
				C95CD0182D88B839007574B4 /* FirestoreChatRequest.swift in Sources */,
				C95CCFD52D86EC2A007574B4 /* NewGroupView.swift in Sources */,
				C95CCFD22D869EB3007574B4 /* MessageStatus.swift in Sources */,
				C95CCFF62D8837A9007574B4 /* FirebaseFirestoreRequest.swift in Sources */,
				C95CD00F2D8897D2007574B4 /* FirebaseAuthRequest.swift in Sources */,
				C95CCFDE2D86EEF1007574B4 /* DotAnimationView.swift in Sources */,
				C95CCFF22D88374A007574B4 /* ChatRepository.swift in Sources */,
				C95CCFAB2D816A0D007574B4 /* AuthView.swift in Sources */,
				C95CD0072D883FD4007574B4 /* ParticipantsTransformer.swift in Sources */,
				C95CCFAD2D8180D8007574B4 /* ChatApp.swift in Sources */,
				C95CCFCA2D84C8E0007574B4 /* NewChatView.swift in Sources */,
				C95CCFBA2D84B1F8007574B4 /* ConversationsListView.swift in Sources */,
				C95CCFC22D84B3CA007574B4 /* ChatView.swift in Sources */,
				C95CCFFD2D883975007574B4 /* ChatAppModel.xcdatamodeld in Sources */,
				C95CCFD02D868CEE007574B4 /* MessageStatusView.swift in Sources */,
				C95CD0142D88AFBC007574B4 /* FirestoreRequestProtocol.swift in Sources */,
				C95CCFE42D881B6E007574B4 /* MediaType.swift in Sources */,
				C95CD00D2D88976C007574B4 /* AuthRepository.swift in Sources */,
				C95CCFBC2D84B25D007574B4 /* ConversationRow.swift in Sources */,
				C95CD0122D88984F007574B4 /* AuthRequestProtocol.swift in Sources */,
				C95CCFF82D883829007574B4 /* CoreDataManager.swift in Sources */,
				C95CCF992D8154B1007574B4 /* AuthViewModel.swift in Sources */,
				C95CCFE02D873606007574B4 /* AddGroupMembersView.swift in Sources */,
				C95CCFC42D84B463007574B4 /* MessageBubble.swift in Sources */,
				C95CCFED2D882B8D007574B4 /* Helper.swift in Sources */,
				C95CCFE22D87365B007574B4 /* AddGroupMembersViewModel.swift in Sources */,
				C95CCFD82D86EC83007574B4 /* NewGroupViewModel.swift in Sources */,
				C95CCFCE2D84C9D7007574B4 /* ChatUser.swift in Sources */,
				C95CD00B2D88598B007574B4 /* AppDependencies.swift in Sources */,
				C95CCFCC2D84C966007574B4 /* NewChatViewModel.swift in Sources */,
				C95CCFB82D84B0D1007574B4 /* Message.swift in Sources */,
				C95CCFB22D81885D007574B4 /* ChatViewModel.swift in Sources */,
				C95CD0092D88462A007574B4 /* NetworkMonitor.swift in Sources */,
				C95CCFE82D882441007574B4 /* MediaMessageView.swift in Sources */,
				C95CD0162D88B7BA007574B4 /* ChatRequestProtocol.swift in Sources */,
				C95CD01A2D88EECC007574B4 /* MediaRequestProtocol.swift in Sources */,
				C95CCFC02D84B2ED007574B4 /* Conversation.swift in Sources */,
				C95CD01C2D88EF09007574B4 /* FirebaseMediaRequest.swift in Sources */,
				C95CCFEA2D88249E007574B4 /* AudioPlayerView.swift in Sources */,
				C95CCFB02D8185B4007574B4 /* CoreDataStack.swift in Sources */,
				C95CCFDC2D86EEC8007574B4 /* GroupTypingIndicator.swift in Sources */,
				C95CCFDA2D86EE72007574B4 /* GroupDetailsView.swift in Sources */,
			);
			runOnlyForDeploymentPostprocessing = 0;
		};
/* End PBXSourcesBuildPhase section */

/* Begin XCBuildConfiguration section */
		C99341C22D7C45160036B3ED /* Debug */ = {
			isa = XCBuildConfiguration;
			buildSettings = {
				ALWAYS_SEARCH_USER_PATHS = NO;
				CLANG_ANALYZER_NONNULL = YES;
				CLANG_ANALYZER_NUMBER_OBJECT_CONVERSION = YES_AGGRESSIVE;
				CLANG_CXX_LANGUAGE_STANDARD = "gnu++20";
				CLANG_ENABLE_MODULES = YES;
				CLANG_ENABLE_OBJC_ARC = YES;
				CLANG_ENABLE_OBJC_WEAK = YES;
				CLANG_WARN_BLOCK_CAPTURE_AUTORELEASING = YES;
				CLANG_WARN_BOOL_CONVERSION = YES;
				CLANG_WARN_COMMA = YES;
				CLANG_WARN_CONSTANT_CONVERSION = YES;
				CLANG_WARN_DEPRECATED_OBJC_IMPLEMENTATIONS = YES;
				CLANG_WARN_DIRECT_OBJC_ISA_USAGE = YES_ERROR;
				CLANG_WARN_DOCUMENTATION_COMMENTS = YES;
				CLANG_WARN_EMPTY_BODY = YES;
				CLANG_WARN_ENUM_CONVERSION = YES;
				CLANG_WARN_INFINITE_RECURSION = YES;
				CLANG_WARN_INT_CONVERSION = YES;
				CLANG_WARN_NON_LITERAL_NULL_CONVERSION = YES;
				CLANG_WARN_OBJC_IMPLICIT_RETAIN_SELF = YES;
				CLANG_WARN_OBJC_LITERAL_CONVERSION = YES;
				CLANG_WARN_OBJC_ROOT_CLASS = YES_ERROR;
				CLANG_WARN_QUOTED_INCLUDE_IN_FRAMEWORK_HEADER = YES;
				CLANG_WARN_RANGE_LOOP_ANALYSIS = YES;
				CLANG_WARN_STRICT_PROTOTYPES = YES;
				CLANG_WARN_SUSPICIOUS_MOVE = YES;
				CLANG_WARN_UNGUARDED_AVAILABILITY = YES_AGGRESSIVE;
				CLANG_WARN_UNREACHABLE_CODE = YES;
				CLANG_WARN__DUPLICATE_METHOD_MATCH = YES;
				COPY_PHASE_STRIP = NO;
				DEBUG_INFORMATION_FORMAT = dwarf;
				ENABLE_STRICT_OBJC_MSGSEND = YES;
				ENABLE_TESTABILITY = YES;
				GCC_C_LANGUAGE_STANDARD = gnu11;
				GCC_DYNAMIC_NO_PIC = NO;
				GCC_NO_COMMON_BLOCKS = YES;
				GCC_OPTIMIZATION_LEVEL = 0;
				GCC_PREPROCESSOR_DEFINITIONS = (
					"DEBUG=1",
					"$(inherited)",
				);
				GCC_WARN_64_TO_32_BIT_CONVERSION = YES;
				GCC_WARN_ABOUT_RETURN_TYPE = YES_ERROR;
				GCC_WARN_UNDECLARED_SELECTOR = YES;
				GCC_WARN_UNINITIALIZED_AUTOS = YES_AGGRESSIVE;
				GCC_WARN_UNUSED_FUNCTION = YES;
				GCC_WARN_UNUSED_VARIABLE = YES;
				IPHONEOS_DEPLOYMENT_TARGET = 16.0;
				MTL_ENABLE_DEBUG_INFO = INCLUDE_SOURCE;
				MTL_FAST_MATH = YES;
				ONLY_ACTIVE_ARCH = YES;
				SDKROOT = iphoneos;
				SWIFT_ACTIVE_COMPILATION_CONDITIONS = DEBUG;
				SWIFT_OPTIMIZATION_LEVEL = "-Onone";
			};
			name = Debug;
		};
		C99341C32D7C45160036B3ED /* Release */ = {
			isa = XCBuildConfiguration;
			buildSettings = {
				ALWAYS_SEARCH_USER_PATHS = NO;
				CLANG_ANALYZER_NONNULL = YES;
				CLANG_ANALYZER_NUMBER_OBJECT_CONVERSION = YES_AGGRESSIVE;
				CLANG_CXX_LANGUAGE_STANDARD = "gnu++20";
				CLANG_ENABLE_MODULES = YES;
				CLANG_ENABLE_OBJC_ARC = YES;
				CLANG_ENABLE_OBJC_WEAK = YES;
				CLANG_WARN_BLOCK_CAPTURE_AUTORELEASING = YES;
				CLANG_WARN_BOOL_CONVERSION = YES;
				CLANG_WARN_COMMA = YES;
				CLANG_WARN_CONSTANT_CONVERSION = YES;
				CLANG_WARN_DEPRECATED_OBJC_IMPLEMENTATIONS = YES;
				CLANG_WARN_DIRECT_OBJC_ISA_USAGE = YES_ERROR;
				CLANG_WARN_DOCUMENTATION_COMMENTS = YES;
				CLANG_WARN_EMPTY_BODY = YES;
				CLANG_WARN_ENUM_CONVERSION = YES;
				CLANG_WARN_INFINITE_RECURSION = YES;
				CLANG_WARN_INT_CONVERSION = YES;
				CLANG_WARN_NON_LITERAL_NULL_CONVERSION = YES;
				CLANG_WARN_OBJC_IMPLICIT_RETAIN_SELF = YES;
				CLANG_WARN_OBJC_LITERAL_CONVERSION = YES;
				CLANG_WARN_OBJC_ROOT_CLASS = YES_ERROR;
				CLANG_WARN_QUOTED_INCLUDE_IN_FRAMEWORK_HEADER = YES;
				CLANG_WARN_RANGE_LOOP_ANALYSIS = YES;
				CLANG_WARN_STRICT_PROTOTYPES = YES;
				CLANG_WARN_SUSPICIOUS_MOVE = YES;
				CLANG_WARN_UNGUARDED_AVAILABILITY = YES_AGGRESSIVE;
				CLANG_WARN_UNREACHABLE_CODE = YES;
				CLANG_WARN__DUPLICATE_METHOD_MATCH = YES;
				COPY_PHASE_STRIP = NO;
				DEBUG_INFORMATION_FORMAT = "dwarf-with-dsym";
				ENABLE_NS_ASSERTIONS = NO;
				ENABLE_STRICT_OBJC_MSGSEND = YES;
				GCC_C_LANGUAGE_STANDARD = gnu11;
				GCC_NO_COMMON_BLOCKS = YES;
				GCC_WARN_64_TO_32_BIT_CONVERSION = YES;
				GCC_WARN_ABOUT_RETURN_TYPE = YES_ERROR;
				GCC_WARN_UNDECLARED_SELECTOR = YES;
				GCC_WARN_UNINITIALIZED_AUTOS = YES_AGGRESSIVE;
				GCC_WARN_UNUSED_FUNCTION = YES;
				GCC_WARN_UNUSED_VARIABLE = YES;
				IPHONEOS_DEPLOYMENT_TARGET = 16.0;
				MTL_ENABLE_DEBUG_INFO = NO;
				MTL_FAST_MATH = YES;
				SDKROOT = iphoneos;
				SWIFT_COMPILATION_MODE = wholemodule;
				SWIFT_OPTIMIZATION_LEVEL = "-O";
				VALIDATE_PRODUCT = YES;
			};
			name = Release;
		};
		C99341C52D7C45160036B3ED /* Debug */ = {
			isa = XCBuildConfiguration;
			buildSettings = {
				ASSETCATALOG_COMPILER_APPICON_NAME = AppIcon;
				ASSETCATALOG_COMPILER_GLOBAL_ACCENT_COLOR_NAME = AccentColor;
				CODE_SIGN_STYLE = Automatic;
				CURRENT_PROJECT_VERSION = 1;
				DEVELOPMENT_ASSET_PATHS = "\"Y Chat/Preview Content\"";
				DEVELOPMENT_TEAM = QP2D2ZVN38;
				ENABLE_PREVIEWS = YES;
				GENERATE_INFOPLIST_FILE = YES;
				INFOPLIST_KEY_UIApplicationSupportsIndirectInputEvents = YES;
				INFOPLIST_KEY_UILaunchScreen_Generation = YES;
				INFOPLIST_KEY_UIStatusBarStyle = "";
				INFOPLIST_KEY_UISupportedInterfaceOrientations_iPad = "UIInterfaceOrientationPortrait UIInterfaceOrientationPortraitUpsideDown UIInterfaceOrientationLandscapeLeft UIInterfaceOrientationLandscapeRight";
				INFOPLIST_KEY_UISupportedInterfaceOrientations_iPhone = "UIInterfaceOrientationPortrait UIInterfaceOrientationLandscapeLeft UIInterfaceOrientationLandscapeRight";
				LD_RUNPATH_SEARCH_PATHS = (
					"$(inherited)",
					"@executable_path/Frameworks",
				);
				MARKETING_VERSION = 1.0;
				PRODUCT_BUNDLE_IDENTIFIER = "VB.yal.chat.Y-Chat";
				PRODUCT_NAME = "$(TARGET_NAME)";
				SWIFT_EMIT_LOC_STRINGS = YES;
				SWIFT_VERSION = 5.0;
				TARGETED_DEVICE_FAMILY = "1,2";
			};
			name = Debug;
		};
		C99341C62D7C45160036B3ED /* Release */ = {
			isa = XCBuildConfiguration;
			buildSettings = {
				ASSETCATALOG_COMPILER_APPICON_NAME = AppIcon;
				ASSETCATALOG_COMPILER_GLOBAL_ACCENT_COLOR_NAME = AccentColor;
				CODE_SIGN_STYLE = Automatic;
				CURRENT_PROJECT_VERSION = 1;
				DEVELOPMENT_ASSET_PATHS = "\"Y Chat/Preview Content\"";
				DEVELOPMENT_TEAM = QP2D2ZVN38;
				ENABLE_PREVIEWS = YES;
				GENERATE_INFOPLIST_FILE = YES;
				INFOPLIST_KEY_UIApplicationSupportsIndirectInputEvents = YES;
				INFOPLIST_KEY_UILaunchScreen_Generation = YES;
				INFOPLIST_KEY_UIStatusBarStyle = "";
				INFOPLIST_KEY_UISupportedInterfaceOrientations_iPad = "UIInterfaceOrientationPortrait UIInterfaceOrientationPortraitUpsideDown UIInterfaceOrientationLandscapeLeft UIInterfaceOrientationLandscapeRight";
				INFOPLIST_KEY_UISupportedInterfaceOrientations_iPhone = "UIInterfaceOrientationPortrait UIInterfaceOrientationLandscapeLeft UIInterfaceOrientationLandscapeRight";
				LD_RUNPATH_SEARCH_PATHS = (
					"$(inherited)",
					"@executable_path/Frameworks",
				);
				MARKETING_VERSION = 1.0;
				PRODUCT_BUNDLE_IDENTIFIER = "VB.yal.chat.Y-Chat";
				PRODUCT_NAME = "$(TARGET_NAME)";
				SWIFT_EMIT_LOC_STRINGS = YES;
				SWIFT_VERSION = 5.0;
				TARGETED_DEVICE_FAMILY = "1,2";
			};
			name = Release;
		};
/* End XCBuildConfiguration section */

/* Begin XCConfigurationList section */
		C99341B12D7C45130036B3ED /* Build configuration list for PBXProject "Y Chat" */ = {
			isa = XCConfigurationList;
			buildConfigurations = (
				C99341C22D7C45160036B3ED /* Debug */,
				C99341C32D7C45160036B3ED /* Release */,
			);
			defaultConfigurationIsVisible = 0;
			defaultConfigurationName = Release;
		};
		C99341C42D7C45160036B3ED /* Build configuration list for PBXNativeTarget "Y Chat" */ = {
			isa = XCConfigurationList;
			buildConfigurations = (
				C99341C52D7C45160036B3ED /* Debug */,
				C99341C62D7C45160036B3ED /* Release */,
			);
			defaultConfigurationIsVisible = 0;
			defaultConfigurationName = Release;
		};
/* End XCConfigurationList section */

/* Begin XCRemoteSwiftPackageReference section */
		C95CCF9A2D81577B007574B4 /* XCRemoteSwiftPackageReference "firebase-ios-sdk" */ = {
			isa = XCRemoteSwiftPackageReference;
			repositoryURL = "https://github.com/firebase/firebase-ios-sdk.git";
			requirement = {
				kind = upToNextMajorVersion;
				minimumVersion = 9.0.0;
			};
		};
/* End XCRemoteSwiftPackageReference section */

/* Begin XCSwiftPackageProductDependency section */
		C95CCF9B2D81577B007574B4 /* FirebaseAuth */ = {
			isa = XCSwiftPackageProductDependency;
			package = C95CCF9A2D81577B007574B4 /* XCRemoteSwiftPackageReference "firebase-ios-sdk" */;
			productName = FirebaseAuth;
		};
		C95CCFB42D84ACD3007574B4 /* FirebaseFirestore */ = {
			isa = XCSwiftPackageProductDependency;
			package = C95CCF9A2D81577B007574B4 /* XCRemoteSwiftPackageReference "firebase-ios-sdk" */;
			productName = FirebaseFirestore;
		};
		C95CCFC52D84BC2B007574B4 /* FirebaseFirestoreSwift */ = {
			isa = XCSwiftPackageProductDependency;
			package = C95CCF9A2D81577B007574B4 /* XCRemoteSwiftPackageReference "firebase-ios-sdk" */;
			productName = FirebaseFirestoreSwift;
		};
		C95CCFE52D881E15007574B4 /* FirebaseStorage */ = {
			isa = XCSwiftPackageProductDependency;
			package = C95CCF9A2D81577B007574B4 /* XCRemoteSwiftPackageReference "firebase-ios-sdk" */;
			productName = FirebaseStorage;
		};
/* End XCSwiftPackageProductDependency section */

/* Begin XCVersionGroup section */
		C95CCFFB2D883975007574B4 /* ChatAppModel.xcdatamodeld */ = {
			isa = XCVersionGroup;
			children = (
				C95CCFFC2D883975007574B4 /* ChatAppModel.xcdatamodel */,
			);
			currentVersion = C95CCFFC2D883975007574B4 /* ChatAppModel.xcdatamodel */;
			path = ChatAppModel.xcdatamodeld;
			sourceTree = "<group>";
			versionGroupType = wrapper.xcdatamodel;
		};
/* End XCVersionGroup section */
	};
	rootObject = C99341AE2D7C45130036B3ED /* Project object */;
}
